
Microsoft Visual Studio Solution File, Format Version 12.00
# Visual Studio 14
VisualStudioVersion = 14.0.25420.1
MinimumVisualStudioVersion = 10.0.40219.1
Project("{FAE04EC0-301F-11D3-BF4B-00C04F79EFBC}") = "LazyLoading", "LazyLoading\LazyLoading.csproj", "{9697EA28-0003-4266-8AEC-D2DB5F623511}"
EndProject
Project("{FAE04EC0-301F-11D3-BF4B-00C04F79EFBC}") = "EagerLoadingRelatedEntities", "EagerLoadingRelatedEntities\EagerLoadingRelatedEntities.csproj", "{6E3E951D-EE9C-436D-B70B-05BD36BD6F86}"
EndProject
Project("{FAE04EC0-301F-11D3-BF4B-00C04F79EFBC}") = "FindingSingleEntitiesQuickly", "FindingSingleEntitiesQuickly\FindingSingleEntitiesQuickly.csproj", "{9F4F2DBE-4C46-42EB-879C-A9B9BC2FDEC5}"
EndProject
Project("{FAE04EC0-301F-11D3-BF4B-00C04F79EFBC}") = "QueryingIn-MemoryEntities", "QueryingIn-MemoryEntities\QueryingIn-MemoryEntities.csproj", "{A4455510-20D3-48C5-B34B-940C1714CE36}"
EndProject
Project("{FAE04EC0-301F-11D3-BF4B-00C04F79EFBC}") = "LoadingACompleteObjectGraph", "LoadingACompleteObjectGraph\LoadingACompleteObjectGraph.csproj", "{7F128890-7C9A-4F52-8963-08697382BF6E}"
EndProject
Project("{FAE04EC0-301F-11D3-BF4B-00C04F79EFBC}") = "LoadingNavigationPropertiesOnDerivedTypes", "LoadingNavigationPropertiesOnDerivedTypes\LoadingNavigationPropertiesOnDerivedTypes.csproj", "{6B715874-1861-497C-B70A-F53CE81F2031}"
EndProject
Project("{FAE04EC0-301F-11D3-BF4B-00C04F79EFBC}") = "UsingIncludeWithOtherLINQQueryOperators", "UsingIncludeWithOtherLINQQueryOperators\UsingIncludeWithOtherLINQQueryOperators.csproj", "{C3535E09-7A56-4635-A5C1-5721054AD3DC}"
EndProject
Global
	GlobalSection(SolutionConfigurationPlatforms) = preSolution
		Debug|Any CPU = Debug|Any CPU
		Release|Any CPU = Release|Any CPU
	EndGlobalSection
	GlobalSection(ProjectConfigurationPlatforms) = postSolution
		{9697EA28-0003-4266-8AEC-D2DB5F623511}.Debug|Any CPU.ActiveCfg = Debug|Any CPU
		{9697EA28-0003-4266-8AEC-D2DB5F623511}.Debug|Any CPU.Build.0 = Debug|Any CPU
		{9697EA28-0003-4266-8AEC-D2DB5F623511}.Release|Any CPU.ActiveCfg = Release|Any CPU
		{9697EA28-0003-4266-8AEC-D2DB5F623511}.Release|Any CPU.Build.0 = Release|Any CPU
		{6E3E951D-EE9C-436D-B70B-05BD36BD6F86}.Debug|Any CPU.ActiveCfg = Debug|Any CPU
		{6E3E951D-EE9C-436D-B70B-05BD36BD6F86}.Debug|Any CPU.Build.0 = Debug|Any CPU
		{6E3E951D-EE9C-436D-B70B-05BD36BD6F86}.Release|Any CPU.ActiveCfg = Release|Any CPU
		{6E3E951D-EE9C-436D-B70B-05BD36BD6F86}.Release|Any CPU.Build.0 = Release|Any CPU
		{9F4F2DBE-4C46-42EB-879C-A9B9BC2FDEC5}.Debug|Any CPU.ActiveCfg = Debug|Any CPU
		{9F4F2DBE-4C46-42EB-879C-A9B9BC2FDEC5}.Debug|Any CPU.Build.0 = Debug|Any CPU
		{9F4F2DBE-4C46-42EB-879C-A9B9BC2FDEC5}.Release|Any CPU.ActiveCfg = Release|Any CPU
		{9F4F2DBE-4C46-42EB-879C-A9B9BC2FDEC5}.Release|Any CPU.Build.0 = Release|Any CPU
		{A4455510-20D3-48C5-B34B-940C1714CE36}.Debug|Any CPU.ActiveCfg = Debug|Any CPU
		{A4455510-20D3-48C5-B34B-940C1714CE36}.Debug|Any CPU.Build.0 = Debug|Any CPU
		{A4455510-20D3-48C5-B34B-940C1714CE36}.Release|Any CPU.ActiveCfg = Release|Any CPU
		{A4455510-20D3-48C5-B34B-940C1714CE36}.Release|Any CPU.Build.0 = Release|Any CPU
		{7F128890-7C9A-4F52-8963-08697382BF6E}.Debug|Any CPU.ActiveCfg = Debug|Any CPU
		{7F128890-7C9A-4F52-8963-08697382BF6E}.Debug|Any CPU.Build.0 = Debug|Any CPU
		{7F128890-7C9A-4F52-8963-08697382BF6E}.Release|Any CPU.ActiveCfg = Release|Any CPU
		{7F128890-7C9A-4F52-8963-08697382BF6E}.Release|Any CPU.Build.0 = Release|Any CPU
		{6B715874-1861-497C-B70A-F53CE81F2031}.Debug|Any CPU.ActiveCfg = Debug|Any CPU
		{6B715874-1861-497C-B70A-F53CE81F2031}.Debug|Any CPU.Build.0 = Debug|Any CPU
		{6B715874-1861-497C-B70A-F53CE81F2031}.Release|Any CPU.ActiveCfg = Release|Any CPU
		{6B715874-1861-497C-B70A-F53CE81F2031}.Release|Any CPU.Build.0 = Release|Any CPU
		{C3535E09-7A56-4635-A5C1-5721054AD3DC}.Debug|Any CPU.ActiveCfg = Debug|Any CPU
		{C3535E09-7A56-4635-A5C1-5721054AD3DC}.Debug|Any CPU.Build.0 = Debug|Any CPU
		{C3535E09-7A56-4635-A5C1-5721054AD3DC}.Release|Any CPU.ActiveCfg = Release|Any CPU
		{C3535E09-7A56-4635-A5C1-5721054AD3DC}.Release|Any CPU.Build.0 = Release|Any CPU
	EndGlobalSection
	GlobalSection(SolutionProperties) = preSolution
		HideSolutionNode = FALSE
	EndGlobalSection
EndGlobal
